
Microsoft Visual Studio Solution File, Format Version 12.00
# Visual Studio 15
VisualStudioVersion = 15.0.28307.271
MinimumVisualStudioVersion = 10.0.40219.1
Project("{FAE04EC0-301F-11D3-BF4B-00C04F79EFBC}") = "AppLyPSistematizadoReal", "AppLyPSistematizadoReal\AppLyPSistematizadoReal.csproj", "{9BA7C104-6B83-4AE0-8298-9A6671C1ED3A}"
EndProject
Project("{54435603-DBB4-11D2-8724-00A0C9A8B90C}") = "LyPSistemtizado", "LyPSistemtizado\LyPSistemtizado.vdproj", "{59806C21-C50A-4577-901D-4A07BD79379D}"
EndProject
Global
	GlobalSection(SolutionConfigurationPlatforms) = preSolution
		Debug|Any CPU = Debug|Any CPU
		Release|Any CPU = Release|Any CPU
	EndGlobalSection
	GlobalSection(ProjectConfigurationPlatforms) = postSolution
		{9BA7C104-6B83-4AE0-8298-9A6671C1ED3A}.Debug|Any CPU.ActiveCfg = Debug|Any CPU
		{9BA7C104-6B83-4AE0-8298-9A6671C1ED3A}.Debug|Any CPU.Build.0 = Debug|Any CPU
		{9BA7C104-6B83-4AE0-8298-9A6671C1ED3A}.Release|Any CPU.ActiveCfg = Release|Any CPU
		{9BA7C104-6B83-4AE0-8298-9A6671C1ED3A}.Release|Any CPU.Build.0 = Release|Any CPU
		{59806C21-C50A-4577-901D-4A07BD79379D}.Debug|Any CPU.ActiveCfg = Debug
		{59806C21-C50A-4577-901D-4A07BD79379D}.Release|Any CPU.ActiveCfg = Release
	EndGlobalSection
	GlobalSection(SolutionProperties) = preSolution
		HideSolutionNode = FALSE
	EndGlobalSection
	GlobalSection(ExtensibilityGlobals) = postSolution
		SolutionGuid = {5382753A-41A5-4019-9913-F803BF5B9C62}
	EndGlobalSection
EndGlobal
